github.com/aws/aws-sdk-go-v2 v0.29.0 h1:V/KKvuMO2hwHRg2SXJc5aasBHhD1AWbS6KMWg/Ueq1w=
github.com/aws/aws-sdk-go-v2 v0.29.0/go.mod h1:4d1/Ee0vCwCF7BfG1hCT3zu82493cRy5+VZ8JHvMPf0=
github.com/aws/aws-sdk-go-v2/config v0.2.2 h1:CBZGPlpL5h+BDoNBNTgypqMxlWgCome/O/i8gdjaOtE=
github.com/aws/aws-sdk-go-v2/config v0.2.2/go.mod h1:rty/i5U/IiXxO4kQmSXKwneNiTVqCxYVoO5BVXjCbfY=
github.com/aws/aws-sdk-go-v2/credentials v0.1.4 h1:ReVvyoYW/HriCnCWMoWC2ftvh0g9U4wS7lB5GFYK/ZE=
github.com/aws/aws-sdk-go-v2/credentials v0.1.4/go.mod h1:o0z92KOE6YJ/DyGSJmt83dG9YlGUc2n04QYwbfNsA8Q=
github.com/aws/aws-sdk-go-v2/ec2imds v0.1.4 h1:N3atV6naU7rFtS3gg/XU2ZuiPqzFm3HONBbnGDdPq1A=
github.com/aws/aws-sdk-go-v2/ec2imds v0.1.4/go.mod h1:h5WB2P4CTnVroyw/gvIiyMTtl/zvnKAC4H74EWiKOco=
github.com/aws/aws-sdk-go-v2/service/cloudformation v0.29.0 h1:hkNe0V33XBXx3Xa5R7K0PxJDOj3kHRX65ILbzxsX1w0=
github.com/aws/aws-sdk-go-v2/service/cloudformation v0.29.0/go.mod h1:MX61+vybdXlvMxryjM5sgg9hxvFJWaB2Bv1OfUw+kLk=
github.com/aws/aws-sdk-go-v2/service/sts v0.29.0 h1:EOEsrzOQh+xU4lKbrkRoTybsP704I32GczRFsW6apEw=
github.com/aws/aws-sdk-go-v2/service/sts v0.29.0/go.mod h1:zV0Fx4GE1wPZJ3iHn1g7UxoPb+uJfqOkvBp3UQAq3bc=
github.com/awslabs/smithy-go v0.3.0 h1:I1EQ1P+VtxpuNnGYymATewaKrlnaYQwFvO8lNTsafbs=
github.com/awslabs/smithy-go v0.3.0/go.mod h1:hPOQwnmBLHsUphH13tVSjQhTAFma0/0XoZGbBcOuABI=
github.com/davecgh/go-spew v1.1.0 h1:ZDRjVQ15GmhC3fiQ8ni8+OwkZQO4DARzQgrnXU1Liz8=
github.com/davecgh/go-spew v1.1.0/go.mod h1:J7Y8YcW2NihsgmVo/mv3lAwl/skON4iLHjSsI+c5H38=
github.com/google/go-cmp v0.4.1 h1:/exdXoGamhu5ONeUJH0deniYLWYvQwW66yvlfiiKTu0=
github.com/google/go-cmp v0.4.1/go.mod h1:v8dTdLbMG2kIc/vJvl+f65V22dbkXbowE6jgT/gNBxE=
github.com/jmespath/go-jmespath v0.4.0/go.mod h1:T8mJZnbsbmF+m6zOOFylbeCJqk5+pHWvzYPziyZiYoo=
github.com/jmespath/go-jmespath/internal/testify v1.5.1/go.mod h1:L3OGu8Wl2/fWfCI6z80xFu9LTZmf1ZRjMHUOPmWr69U=
github.com/pmezard/go-difflib v1.0.0 h1:4DBwDE0NGyQoBHbLQYPwSUPoCMWR5BEzIk/f1lZbAQM=
github.com/pmezard/go-difflib v1.0.0/go.mod h1:iKH77koFhYxTK1pcRnkKkqfTogsbg7gZNVY4sRDYZ/4=
github.com/stretchr/objx v0.1.0/go.mod h1:HFkY916IF+rwdDfMAkV7OtwuqBVzrE8GR6GFx+wExME=
github.com/stretchr/testify v1.6.1 h1:hDPOHmpOpP40lSULcqw7IrRb/u7w6RpDC9399XyoNd0=
github.com/stretchr/testify v1.6.1/go.mod h1:6Fq8oRcR53rry900zMqJjRRixrwX3KX962/h/Wwjteg=
golang.org/x/xerrors v0.0.0-20191204190536-9bdfabe68543 h1:E7g+9GITq07hpfrRu66IVDexMakfv52eLZ2CXBWiKr4=
golang.org/x/xerrors v0.0.0-20191204190536-9bdfabe68543/go.mod h1:I/5z698sn9Ka8TeJc9MKroUUfqBBauWjQqLJ2OPfmY0=
gopkg.in/check.v1 v0.0.0-20161208181325-20d25e280405 h1:yhCVgyC4o1eVCa2tZl7eS0r+SDo693bJlVdllGtEeKM=
gopkg.in/check.v1 v0.0.0-20161208181325-20d25e280405/go.mod h1:Co6ibVJAznAaIkqp8huTwlJQCZ016jof/cbN4VW5Yz0=
gopkg.in/yaml.v2 v2.2.8/go.mod h1:hI93XBmqTisBFMUTm0b8Fm+jr3Dg1NNxqwp+5A1VGuI=
gopkg.in/yaml.v3 v3.0.0-20200313102051-9f266ea9e77c h1:dUUwHk2QECo/6vqA44rthZ8ie2QXMNeKRTHCNY2nXvo=
gopkg.in/yaml.v3 v3.0.0-20200313102051-9f266ea9e77c/go.mod h1:K4uyk7z7BCEPqu6E+C64Yfv1cQ7kz7rIZviUmN+EgEM=
